{
  "name": "niannian-windows-mimo-agent-runtime",
  "version": "1.4.13-windows-mimo.2",
  "lockfileVersion": 3,
  "requires": true,
  "packages": {
    "": {
      "name": "niannian-windows-mimo-agent-runtime",
      "version": "1.4.13-windows-mimo.2",
      "dependencies": {
        "playwright-core": "1.62.0-alpha-1783623505000"
      }
    },
    "node_modules/playwright-core": {
      "version": "1.62.0-alpha-1783623505000",
      "resolved": "https://registry.npmjs.org/playwright-core/-/playwright-core-1.62.0-alpha-1783623505000.tgz",
      "integrity": "sha512-CPJZdsA/KGT2QQlekiV6Wt+QlQrZHVSZ6oiNtOI/bYYOIVLM8jfKGWTM4zQiyd4UN+40Cq4cA6lxmZHZbtPvJQ==",
      "license": "Apache-2.0",
      "bin": {
        "playwright-core": "cli.js"
      },
      "engines": {
        "node": ">=20"
      }
    }
  }
}
